
Microsoft Visual Studio Solution File, Format Version 12.00
# Visual Studio Version 16
VisualStudioVersion = 16.0.29728.190
MinimumVisualStudioVersion = 10.0.40219.1
Project("{FAE04EC0-301F-11D3-BF4B-00C04F79EFBC}") = "AnimeOnexWebAPI", "AnimeOnexWebAPI\AnimeOnexWebAPI.csproj", "{A19C8B40-E468-4C30-BA53-10D8C7D97B1F}"
EndProject
Project("{FAE04EC0-301F-11D3-BF4B-00C04F79EFBC}") = "AnimeOnex.ModelData", "AnimeOnex.ModelData\AnimeOnex.ModelData.csproj", "{CDE11BA3-7E93-426B-BD4D-46ED0F2DFCDE}"
EndProject
Project("{FAE04EC0-301F-11D3-BF4B-00C04F79EFBC}") = "AnimeOnex.Service", "AnimeOnex.Service\AnimeOnex.Service.csproj", "{A7E94192-6CD2-4B1E-96DA-3BBEC55A6357}"
EndProject
Project("{FAE04EC0-301F-11D3-BF4B-00C04F79EFBC}") = "AnimeOnex.EnvelopeJson", "AnimeOnex.EnvelopeJson\AnimeOnex.EnvelopeJson.csproj", "{0546C333-FB1F-41BC-B451-7BD14220E9EA}"
EndProject
Project("{FAE04EC0-301F-11D3-BF4B-00C04F79EFBC}") = "AnimeOnex.Business", "AnimeOnex.Business\AnimeOnex.Business.csproj", "{D16D7DFF-48A6-4729-B90C-48A0F7D62587}"
EndProject
Project("{FAE04EC0-301F-11D3-BF4B-00C04F79EFBC}") = "AnimeOnex.Util", "AnimeOnex.Util\AnimeOnex.Util.csproj", "{CEADD60D-13C5-4994-A044-0A485E1A3515}"
EndProject
Global
	GlobalSection(SolutionConfigurationPlatforms) = preSolution
		Debug|Any CPU = Debug|Any CPU
		Release|Any CPU = Release|Any CPU
	EndGlobalSection
	GlobalSection(ProjectConfigurationPlatforms) = postSolution
		{A19C8B40-E468-4C30-BA53-10D8C7D97B1F}.Debug|Any CPU.ActiveCfg = Debug|Any CPU
		{A19C8B40-E468-4C30-BA53-10D8C7D97B1F}.Debug|Any CPU.Build.0 = Debug|Any CPU
		{A19C8B40-E468-4C30-BA53-10D8C7D97B1F}.Release|Any CPU.ActiveCfg = Release|Any CPU
		{A19C8B40-E468-4C30-BA53-10D8C7D97B1F}.Release|Any CPU.Build.0 = Release|Any CPU
		{CDE11BA3-7E93-426B-BD4D-46ED0F2DFCDE}.Debug|Any CPU.ActiveCfg = Debug|Any CPU
		{CDE11BA3-7E93-426B-BD4D-46ED0F2DFCDE}.Debug|Any CPU.Build.0 = Debug|Any CPU
		{CDE11BA3-7E93-426B-BD4D-46ED0F2DFCDE}.Release|Any CPU.ActiveCfg = Release|Any CPU
		{CDE11BA3-7E93-426B-BD4D-46ED0F2DFCDE}.Release|Any CPU.Build.0 = Release|Any CPU
		{A7E94192-6CD2-4B1E-96DA-3BBEC55A6357}.Debug|Any CPU.ActiveCfg = Debug|Any CPU
		{A7E94192-6CD2-4B1E-96DA-3BBEC55A6357}.Debug|Any CPU.Build.0 = Debug|Any CPU
		{A7E94192-6CD2-4B1E-96DA-3BBEC55A6357}.Release|Any CPU.ActiveCfg = Release|Any CPU
		{A7E94192-6CD2-4B1E-96DA-3BBEC55A6357}.Release|Any CPU.Build.0 = Release|Any CPU
		{0546C333-FB1F-41BC-B451-7BD14220E9EA}.Debug|Any CPU.ActiveCfg = Debug|Any CPU
		{0546C333-FB1F-41BC-B451-7BD14220E9EA}.Debug|Any CPU.Build.0 = Debug|Any CPU
		{0546C333-FB1F-41BC-B451-7BD14220E9EA}.Release|Any CPU.ActiveCfg = Release|Any CPU
		{0546C333-FB1F-41BC-B451-7BD14220E9EA}.Release|Any CPU.Build.0 = Release|Any CPU
		{D16D7DFF-48A6-4729-B90C-48A0F7D62587}.Debug|Any CPU.ActiveCfg = Debug|Any CPU
		{D16D7DFF-48A6-4729-B90C-48A0F7D62587}.Debug|Any CPU.Build.0 = Debug|Any CPU
		{D16D7DFF-48A6-4729-B90C-48A0F7D62587}.Release|Any CPU.ActiveCfg = Release|Any CPU
		{D16D7DFF-48A6-4729-B90C-48A0F7D62587}.Release|Any CPU.Build.0 = Release|Any CPU
		{CEADD60D-13C5-4994-A044-0A485E1A3515}.Debug|Any CPU.ActiveCfg = Debug|Any CPU
		{CEADD60D-13C5-4994-A044-0A485E1A3515}.Debug|Any CPU.Build.0 = Debug|Any CPU
		{CEADD60D-13C5-4994-A044-0A485E1A3515}.Release|Any CPU.ActiveCfg = Release|Any CPU
		{CEADD60D-13C5-4994-A044-0A485E1A3515}.Release|Any CPU.Build.0 = Release|Any CPU
	EndGlobalSection
	GlobalSection(SolutionProperties) = preSolution
		HideSolutionNode = FALSE
	EndGlobalSection
	GlobalSection(ExtensibilityGlobals) = postSolution
		SolutionGuid = {C0625219-8B86-4950-A73D-F7ACF247C2CF}
	EndGlobalSection
EndGlobal
